<Solution>
  <Folder Name="/Infrastructure/">
    <Project Path="LondonFhirService.Providers.FHIR.R4.DiscoveryDataService.Infrastructure/LondonFhirService.Providers.FHIR.R4.DiscoveryDataService.Infrastructure.csproj" />
  </Folder>
  <Project Path="LondonFhirService.Providers.FHIR.R4.DiscoveryDataService.Tests.Acceptance/LondonFhirService.Providers.FHIR.R4.DiscoveryDataService.Tests.Acceptance.csproj" />
  <Project Path="LondonFhirService.Providers.FHIR.R4.DiscoveryDataService.Tests.Unit/LondonFhirService.Providers.FHIR.R4.DiscoveryDataService.Tests.Unit.csproj" />
  <Project Path="LondonFhirService.Providers.FHIR.R4.DiscoveryDataService/LondonFhirService.Providers.FHIR.R4.DiscoveryDataService.csproj" />
</Solution>
